
Microsoft Visual Studio Solution File, Format Version 12.00
# Visual Studio 15
VisualStudioVersion = 15.0.27703.2035
MinimumVisualStudioVersion = 10.0.40219.1
Project("{FAE04EC0-301F-11D3-BF4B-00C04F79EFBC}") = "InsertValueInSortedDoublyLinkedList", "InsertValueInSortedDoublyLinkedList\InsertValueInSortedDoublyLinkedList.csproj", "{6640380F-779B-454E-B212-21BE8C4E9CE4}"
EndProject
Global
	GlobalSection(SolutionConfigurationPlatforms) = preSolution
		Debug|Any CPU = Debug|Any CPU
		Release|Any CPU = Release|Any CPU
	EndGlobalSection
	GlobalSection(ProjectConfigurationPlatforms) = postSolution
		{6640380F-779B-454E-B212-21BE8C4E9CE4}.Debug|Any CPU.ActiveCfg = Debug|Any CPU
		{6640380F-779B-454E-B212-21BE8C4E9CE4}.Debug|Any CPU.Build.0 = Debug|Any CPU
		{6640380F-779B-454E-B212-21BE8C4E9CE4}.Release|Any CPU.ActiveCfg = Release|Any CPU
		{6640380F-779B-454E-B212-21BE8C4E9CE4}.Release|Any CPU.Build.0 = Release|Any CPU
	EndGlobalSection
	GlobalSection(SolutionProperties) = preSolution
		HideSolutionNode = FALSE
	EndGlobalSection
	GlobalSection(ExtensibilityGlobals) = postSolution
		SolutionGuid = {CC0558DD-14C5-4B9F-A5EC-1726324B08C1}
	EndGlobalSection
EndGlobal
